
Microsoft Visual Studio Solution File, Format Version 12.00
# Visual Studio Version 17
VisualStudioVersion = 17.10.35027.167
MinimumVisualStudioVersion = 10.0.40219.1
Project("{FAE04EC0-301F-11D3-BF4B-00C04F79EFBC}") = "DrawingBoard", "DrawingBoard\DrawingBoard.csproj", "{479B9EA7-8234-4411-9A55-A5B35BEA1F44}"
EndProject
Global
	GlobalSection(SolutionConfigurationPlatforms) = preSolution
		Debug|Any CPU = Debug|Any CPU
		Release|Any CPU = Release|Any CPU
	EndGlobalSection
	GlobalSection(ProjectConfigurationPlatforms) = postSolution
		{479B9EA7-8234-4411-9A55-A5B35BEA1F44}.Debug|Any CPU.ActiveCfg = Debug|Any CPU
		{479B9EA7-8234-4411-9A55-A5B35BEA1F44}.Debug|Any CPU.Build.0 = Debug|Any CPU
		{479B9EA7-8234-4411-9A55-A5B35BEA1F44}.Release|Any CPU.ActiveCfg = Release|Any CPU
		{479B9EA7-8234-4411-9A55-A5B35BEA1F44}.Release|Any CPU.Build.0 = Release|Any CPU
	EndGlobalSection
	GlobalSection(SolutionProperties) = preSolution
		HideSolutionNode = FALSE
	EndGlobalSection
	GlobalSection(ExtensibilityGlobals) = postSolution
		SolutionGuid = {47EBC65F-A417-474B-AC6E-C5A8CA4270B5}
	EndGlobalSection
EndGlobal
